// !$*UTF8*$!
{
	archiveVersion = 1;
	classes = {
	};
	objectVersion = 55;
	objects = {

/* Begin PBXBuildFile section */
		9AF072C827F3E46200F1AAF0 /* BridgeBuilderApp.swift in Sources */ = {isa = PBXBuildFile; fileRef = 9AF072C727F3E46200F1AAF0 /* BridgeBuilderApp.swift */; };
		9AF072CA27F3E46200F1AAF0 /* ContentView.swift in Sources */ = {isa = PBXBuildFile; fileRef = 9AF072C927F3E46200F1AAF0 /* ContentView.swift */; };
		9AF072CC27F3E46300F1AAF0 /* Assets.xcassets in Resources */ = {isa = PBXBuildFile; fileRef = 9AF072CB27F3E46300F1AAF0 /* Assets.xcassets */; };
		9AF072CF27F3E46300F1AAF0 /* Preview Assets.xcassets in Resources */ = {isa = PBXBuildFile; fileRef = 9AF072CE27F3E46300F1AAF0 /* Preview Assets.xcassets */; };
		9AF0731127F3E61900F1AAF0 /* AppDelegate.swift in Sources */ = {isa = PBXBuildFile; fileRef = 9AF0731027F3E61900F1AAF0 /* AppDelegate.swift */; };
		9AF0731427F3E63A00F1AAF0 /* PythonKit in Frameworks */ = {isa = PBXBuildFile; productRef = 9AF0731327F3E63A00F1AAF0 /* PythonKit */; };
		9AF0732D27F3E68300F1AAF0 /* EvolutionChamber.swift in Sources */ = {isa = PBXBuildFile; fileRef = 9AF0731527F3E68200F1AAF0 /* EvolutionChamber.swift */; };
		9AF0732E27F3E68300F1AAF0 /* NusaPlus.py in Resources */ = {isa = PBXBuildFile; fileRef = 9AF0731627F3E68200F1AAF0 /* NusaPlus.py */; };
		9AF0732F27F3E68300F1AAF0 /* Random.swift in Sources */ = {isa = PBXBuildFile; fileRef = 9AF0731827F3E68200F1AAF0 /* Random.swift */; };
		9AF0733027F3E68300F1AAF0 /* TestGene.swift in Sources */ = {isa = PBXBuildFile; fileRef = 9AF0731927F3E68200F1AAF0 /* TestGene.swift */; };
		9AF0733127F3E68300F1AAF0 /* Array+Deviation.swift in Sources */ = {isa = PBXBuildFile; fileRef = 9AF0731A27F3E68200F1AAF0 /* Array+Deviation.swift */; };
		9AF0733227F3E68300F1AAF0 /* VectorMath.swift in Sources */ = {isa = PBXBuildFile; fileRef = 9AF0731B27F3E68200F1AAF0 /* VectorMath.swift */; };
		9AF0733327F3E68300F1AAF0 /* CGFloat+Python.swift in Sources */ = {isa = PBXBuildFile; fileRef = 9AF0731C27F3E68200F1AAF0 /* CGFloat+Python.swift */; };
		9AF0733427F3E68300F1AAF0 /* PolarPoint.swift in Sources */ = {isa = PBXBuildFile; fileRef = 9AF0731D27F3E68200F1AAF0 /* PolarPoint.swift */; };
		9AF0733527F3E68300F1AAF0 /* Edge.swift in Sources */ = {isa = PBXBuildFile; fileRef = 9AF0731F27F3E68200F1AAF0 /* Edge.swift */; };
		9AF0733627F3E68300F1AAF0 /* Graph.swift in Sources */ = {isa = PBXBuildFile; fileRef = 9AF0732027F3E68200F1AAF0 /* Graph.swift */; };
		9AF0733727F3E68300F1AAF0 /* Vertex.swift in Sources */ = {isa = PBXBuildFile; fileRef = 9AF0732127F3E68200F1AAF0 /* Vertex.swift */; };
		9AF0733827F3E68300F1AAF0 /* Bridge.swift in Sources */ = {isa = PBXBuildFile; fileRef = 9AF0732327F3E68200F1AAF0 /* Bridge.swift */; };
		9AF0733927F3E68300F1AAF0 /* MinStressBridge.swift in Sources */ = {isa = PBXBuildFile; fileRef = 9AF0732427F3E68200F1AAF0 /* MinStressBridge.swift */; };
		9AF0733A27F3E68300F1AAF0 /* MaxLoadBridge.swift in Sources */ = {isa = PBXBuildFile; fileRef = 9AF0732527F3E68200F1AAF0 /* MaxLoadBridge.swift */; };
		9AF0733B27F3E68300F1AAF0 /* MinMaterialBridge.swift in Sources */ = {isa = PBXBuildFile; fileRef = 9AF0732627F3E68200F1AAF0 /* MinMaterialBridge.swift */; };
		9AF0733C27F3E68300F1AAF0 /* Simulation.swift in Sources */ = {isa = PBXBuildFile; fileRef = 9AF0732727F3E68300F1AAF0 /* Simulation.swift */; };
		9AF0733D27F3E68300F1AAF0 /* Evolvable.swift in Sources */ = {isa = PBXBuildFile; fileRef = 9AF0732927F3E68300F1AAF0 /* Evolvable.swift */; };
		9AF0733E27F3E68300F1AAF0 /* Gene.swift in Sources */ = {isa = PBXBuildFile; fileRef = 9AF0732A27F3E68300F1AAF0 /* Gene.swift */; };
		9AF0733F27F3E68300F1AAF0 /* Gene+Crossover.swift in Sources */ = {isa = PBXBuildFile; fileRef = 9AF0732B27F3E68300F1AAF0 /* Gene+Crossover.swift */; };
		9AF0734027F3E68300F1AAF0 /* Gene+Mutation.swift in Sources */ = {isa = PBXBuildFile; fileRef = 9AF0732C27F3E68300F1AAF0 /* Gene+Mutation.swift */; };
		9AF0734C27F3E79200F1AAF0 /* Documentation.md in Resources */ = {isa = PBXBuildFile; fileRef = 9AF0734B27F3E79200F1AAF0 /* Documentation.md */; };
/* End PBXBuildFile section */

/* Begin PBXFileReference section */
		9AF072C427F3E46200F1AAF0 /* BridgeBuilder.app */ = {isa = PBXFileReference; explicitFileType = wrapper.application; includeInIndex = 0; path = BridgeBuilder.app; sourceTree = BUILT_PRODUCTS_DIR; };
		9AF072C727F3E46200F1AAF0 /* BridgeBuilderApp.swift */ = {isa = PBXFileReference; lastKnownFileType = sourcecode.swift; path = BridgeBuilderApp.swift; sourceTree = "<group>"; };
		9AF072C927F3E46200F1AAF0 /* ContentView.swift */ = {isa = PBXFileReference; lastKnownFileType = sourcecode.swift; path = ContentView.swift; sourceTree = "<group>"; };
		9AF072CB27F3E46300F1AAF0 /* Assets.xcassets */ = {isa = PBXFileReference; lastKnownFileType = folder.assetcatalog; path = Assets.xcassets; sourceTree = "<group>"; };
		9AF072CE27F3E46300F1AAF0 /* Preview Assets.xcassets */ = {isa = PBXFileReference; lastKnownFileType = folder.assetcatalog; path = "Preview Assets.xcassets"; sourceTree = "<group>"; };
		9AF072D027F3E46300F1AAF0 /* BridgeBuilder.entitlements */ = {isa = PBXFileReference; lastKnownFileType = text.plist.entitlements; path = BridgeBuilder.entitlements; sourceTree = "<group>"; };
		9AF0731027F3E61900F1AAF0 /* AppDelegate.swift */ = {isa = PBXFileReference; lastKnownFileType = sourcecode.swift; path = AppDelegate.swift; sourceTree = "<group>"; };
		9AF0731527F3E68200F1AAF0 /* EvolutionChamber.swift */ = {isa = PBXFileReference; fileEncoding = 4; lastKnownFileType = sourcecode.swift; path = EvolutionChamber.swift; sourceTree = "<group>"; };
		9AF0731627F3E68200F1AAF0 /* NusaPlus.py */ = {isa = PBXFileReference; fileEncoding = 4; lastKnownFileType = text.script.python; path = NusaPlus.py; sourceTree = "<group>"; };
		9AF0731827F3E68200F1AAF0 /* Random.swift */ = {isa = PBXFileReference; fileEncoding = 4; lastKnownFileType = sourcecode.swift; path = Random.swift; sourceTree = "<group>"; };
		9AF0731927F3E68200F1AAF0 /* TestGene.swift */ = {isa = PBXFileReference; fileEncoding = 4; lastKnownFileType = sourcecode.swift; path = TestGene.swift; sourceTree = "<group>"; };
		9AF0731A27F3E68200F1AAF0 /* Array+Deviation.swift */ = {isa = PBXFileReference; fileEncoding = 4; lastKnownFileType = sourcecode.swift; path = "Array+Deviation.swift"; sourceTree = "<group>"; };
		9AF0731B27F3E68200F1AAF0 /* VectorMath.swift */ = {isa = PBXFileReference; fileEncoding = 4; lastKnownFileType = sourcecode.swift; path = VectorMath.swift; sourceTree = "<group>"; };
		9AF0731C27F3E68200F1AAF0 /* CGFloat+Python.swift */ = {isa = PBXFileReference; fileEncoding = 4; lastKnownFileType = sourcecode.swift; path = "CGFloat+Python.swift"; sourceTree = "<group>"; };
		9AF0731D27F3E68200F1AAF0 /* PolarPoint.swift */ = {isa = PBXFileReference; fileEncoding = 4; lastKnownFileType = sourcecode.swift; path = PolarPoint.swift; sourceTree = "<group>"; };
		9AF0731F27F3E68200F1AAF0 /* Edge.swift */ = {isa = PBXFileReference; fileEncoding = 4; lastKnownFileType = sourcecode.swift; path = Edge.swift; sourceTree = "<group>"; };
		9AF0732027F3E68200F1AAF0 /* Graph.swift */ = {isa = PBXFileReference; fileEncoding = 4; lastKnownFileType = sourcecode.swift; path = Graph.swift; sourceTree = "<group>"; };
		9AF0732127F3E68200F1AAF0 /* Vertex.swift */ = {isa = PBXFileReference; fileEncoding = 4; lastKnownFileType = sourcecode.swift; path = Vertex.swift; sourceTree = "<group>"; };
		9AF0732327F3E68200F1AAF0 /* Bridge.swift */ = {isa = PBXFileReference; fileEncoding = 4; lastKnownFileType = sourcecode.swift; path = Bridge.swift; sourceTree = "<group>"; };
		9AF0732427F3E68200F1AAF0 /* MinStressBridge.swift */ = {isa = PBXFileReference; fileEncoding = 4; lastKnownFileType = sourcecode.swift; path = MinStressBridge.swift; sourceTree = "<group>"; };
		9AF0732527F3E68200F1AAF0 /* MaxLoadBridge.swift */ = {isa = PBXFileReference; fileEncoding = 4; lastKnownFileType = sourcecode.swift; path = MaxLoadBridge.swift; sourceTree = "<group>"; };
		9AF0732627F3E68200F1AAF0 /* MinMaterialBridge.swift */ = {isa = PBXFileReference; fileEncoding = 4; lastKnownFileType = sourcecode.swift; path = MinMaterialBridge.swift; sourceTree = "<group>"; };
		9AF0732727F3E68300F1AAF0 /* Simulation.swift */ = {isa = PBXFileReference; fileEncoding = 4; lastKnownFileType = sourcecode.swift; path = Simulation.swift; sourceTree = "<group>"; };
		9AF0732927F3E68300F1AAF0 /* Evolvable.swift */ = {isa = PBXFileReference; fileEncoding = 4; lastKnownFileType = sourcecode.swift; path = Evolvable.swift; sourceTree = "<group>"; };
		9AF0732A27F3E68300F1AAF0 /* Gene.swift */ = {isa = PBXFileReference; fileEncoding = 4; lastKnownFileType = sourcecode.swift; path = Gene.swift; sourceTree = "<group>"; };
		9AF0732B27F3E68300F1AAF0 /* Gene+Crossover.swift */ = {isa = PBXFileReference; fileEncoding = 4; lastKnownFileType = sourcecode.swift; path = "Gene+Crossover.swift"; sourceTree = "<group>"; };
		9AF0732C27F3E68300F1AAF0 /* Gene+Mutation.swift */ = {isa = PBXFileReference; fileEncoding = 4; lastKnownFileType = sourcecode.swift; path = "Gene+Mutation.swift"; sourceTree = "<group>"; };
		9AF0734227F3E69700F1AAF0 /* NusaPlusTest.swift */ = {isa = PBXFileReference; lastKnownFileType = sourcecode.swift; path = NusaPlusTest.swift; sourceTree = "<group>"; };
		9AF0734327F3E69700F1AAF0 /* TrussTest.swift */ = {isa = PBXFileReference; lastKnownFileType = sourcecode.swift; path = TrussTest.swift; sourceTree = "<group>"; };
		9AF0734427F3E69700F1AAF0 /* plate-test.py */ = {isa = PBXFileReference; lastKnownFileType = text.script.python; path = "plate-test.py"; sourceTree = "<group>"; };
		9AF0734527F3E69700F1AAF0 /* PlateTest.swift */ = {isa = PBXFileReference; lastKnownFileType = sourcecode.swift; path = PlateTest.swift; sourceTree = "<group>"; };
		9AF0734627F3E69700F1AAF0 /* truss-test.py */ = {isa = PBXFileReference; lastKnownFileType = text.script.python; path = "truss-test.py"; sourceTree = "<group>"; };
		9AF0734827F3E69700F1AAF0 /* MaxHeightTower.swift */ = {isa = PBXFileReference; lastKnownFileType = sourcecode.swift; path = MaxHeightTower.swift; sourceTree = "<group>"; };
		9AF0734927F3E69700F1AAF0 /* Tower.swift */ = {isa = PBXFileReference; lastKnownFileType = sourcecode.swift; path = Tower.swift; sourceTree = "<group>"; };
		9AF0734B27F3E79200F1AAF0 /* Documentation.md */ = {isa = PBXFileReference; fileEncoding = 4; lastKnownFileType = net.daringfireball.markdown; path = Documentation.md; sourceTree = "<group>"; };
/* End PBXFileReference section */

/* Begin PBXFrameworksBuildPhase section */
		9AF072C127F3E46200F1AAF0 /* Frameworks */ = {
			isa = PBXFrameworksBuildPhase;
			buildActionMask = 2147483647;
			files = (
				9AF0731427F3E63A00F1AAF0 /* PythonKit in Frameworks */,
			);
			runOnlyForDeploymentPostprocessing = 0;
		};
/* End PBXFrameworksBuildPhase section */

/* Begin PBXGroup section */
		9AF072BB27F3E46200F1AAF0 = {
			isa = PBXGroup;
			children = (
				9AF0734B27F3E79200F1AAF0 /* Documentation.md */,
				9AF072C627F3E46200F1AAF0 /* BridgeBuilder */,
				9AF072C527F3E46200F1AAF0 /* Products */,
			);
			sourceTree = "<group>";
		};
		9AF072C527F3E46200F1AAF0 /* Products */ = {
			isa = PBXGroup;
			children = (
				9AF072C427F3E46200F1AAF0 /* BridgeBuilder.app */,
			);
			name = Products;
			sourceTree = "<group>";
		};
		9AF072C627F3E46200F1AAF0 /* BridgeBuilder */ = {
			isa = PBXGroup;
			children = (
				9AF0731027F3E61900F1AAF0 /* AppDelegate.swift */,
				9AF072C727F3E46200F1AAF0 /* BridgeBuilderApp.swift */,
				9AF0734A27F3E6A700F1AAF0 /* User Interface */,
				9AF0731527F3E68200F1AAF0 /* EvolutionChamber.swift */,
				9AF0732727F3E68300F1AAF0 /* Simulation.swift */,
				9AF0731627F3E68200F1AAF0 /* NusaPlus.py */,
				9AF0731727F3E68200F1AAF0 /* Auxiliary */,
				9AF0732227F3E68200F1AAF0 /* Bridges */,
				9AF0732827F3E68300F1AAF0 /* Gene */,
				9AF0731E27F3E68200F1AAF0 /* Graph */,
				9AF0734127F3E69700F1AAF0 /* Sample Code */,
				9AF0734727F3E69700F1AAF0 /* Towers */,
				9AF072CB27F3E46300F1AAF0 /* Assets.xcassets */,
				9AF072D027F3E46300F1AAF0 /* BridgeBuilder.entitlements */,
				9AF072CD27F3E46300F1AAF0 /* Preview Content */,
			);
			path = BridgeBuilder;
			sourceTree = "<group>";
		};
		9AF072CD27F3E46300F1AAF0 /* Preview Content */ = {
			isa = PBXGroup;
			children = (
				9AF072CE27F3E46300F1AAF0 /* Preview Assets.xcassets */,
			);
			path = "Preview Content";
			sourceTree = "<group>";
		};
		9AF0731727F3E68200F1AAF0 /* Auxiliary */ = {
			isa = PBXGroup;
			children = (
				9AF0731827F3E68200F1AAF0 /* Random.swift */,
				9AF0731927F3E68200F1AAF0 /* TestGene.swift */,
				9AF0731A27F3E68200F1AAF0 /* Array+Deviation.swift */,
				9AF0731B27F3E68200F1AAF0 /* VectorMath.swift */,
				9AF0731C27F3E68200F1AAF0 /* CGFloat+Python.swift */,
				9AF0731D27F3E68200F1AAF0 /* PolarPoint.swift */,
			);
			path = Auxiliary;
			sourceTree = "<group>";
		};
		9AF0731E27F3E68200F1AAF0 /* Graph */ = {
			isa = PBXGroup;
			children = (
				9AF0731F27F3E68200F1AAF0 /* Edge.swift */,
				9AF0732027F3E68200F1AAF0 /* Graph.swift */,
				9AF0732127F3E68200F1AAF0 /* Vertex.swift */,
			);
			path = Graph;
			sourceTree = "<group>";
		};
		9AF0732227F3E68200F1AAF0 /* Bridges */ = {
			isa = PBXGroup;
			children = (
				9AF0732327F3E68200F1AAF0 /* Bridge.swift */,
				9AF0732427F3E68200F1AAF0 /* MinStressBridge.swift */,
				9AF0732527F3E68200F1AAF0 /* MaxLoadBridge.swift */,
				9AF0732627F3E68200F1AAF0 /* MinMaterialBridge.swift */,
			);
			path = Bridges;
			sourceTree = "<group>";
		};
		9AF0732827F3E68300F1AAF0 /* Gene */ = {
			isa = PBXGroup;
			children = (
				9AF0732927F3E68300F1AAF0 /* Evolvable.swift */,
				9AF0732A27F3E68300F1AAF0 /* Gene.swift */,
				9AF0732B27F3E68300F1AAF0 /* Gene+Crossover.swift */,
				9AF0732C27F3E68300F1AAF0 /* Gene+Mutation.swift */,
			);
			path = Gene;
			sourceTree = "<group>";
		};
		9AF0734127F3E69700F1AAF0 /* Sample Code */ = {
			isa = PBXGroup;
			children = (
				9AF0734227F3E69700F1AAF0 /* NusaPlusTest.swift */,
				9AF0734327F3E69700F1AAF0 /* TrussTest.swift */,
				9AF0734427F3E69700F1AAF0 /* plate-test.py */,
				9AF0734527F3E69700F1AAF0 /* PlateTest.swift */,
				9AF0734627F3E69700F1AAF0 /* truss-test.py */,
			);
			path = "Sample Code";
			sourceTree = "<group>";
		};
		9AF0734727F3E69700F1AAF0 /* Towers */ = {
			isa = PBXGroup;
			children = (
				9AF0734827F3E69700F1AAF0 /* MaxHeightTower.swift */,
				9AF0734927F3E69700F1AAF0 /* Tower.swift */,
			);
			path = Towers;
			sourceTree = "<group>";
		};
		9AF0734A27F3E6A700F1AAF0 /* User Interface */ = {
			isa = PBXGroup;
			children = (
				9AF072C927F3E46200F1AAF0 /* ContentView.swift */,
			);
			path = "User Interface";
			sourceTree = "<group>";
		};
/* End PBXGroup section */

/* Begin PBXNativeTarget section */
		9AF072C327F3E46200F1AAF0 /* BridgeBuilder */ = {
			isa = PBXNativeTarget;
			buildConfigurationList = 9AF072D327F3E46300F1AAF0 /* Build configuration list for PBXNativeTarget "BridgeBuilder" */;
			buildPhases = (
				9AF072C027F3E46200F1AAF0 /* Sources */,
				9AF072C127F3E46200F1AAF0 /* Frameworks */,
				9AF072C227F3E46200F1AAF0 /* Resources */,
			);
			buildRules = (
			);
			dependencies = (
			);
			name = BridgeBuilder;
			packageProductDependencies = (
				9AF0731327F3E63A00F1AAF0 /* PythonKit */,
			);
			productName = BridgeBuilder;
			productReference = 9AF072C427F3E46200F1AAF0 /* BridgeBuilder.app */;
			productType = "com.apple.product-type.application";
		};
/* End PBXNativeTarget section */

/* Begin PBXProject section */
		9AF072BC27F3E46200F1AAF0 /* Project object */ = {
			isa = PBXProject;
			attributes = {
				BuildIndependentTargetsInParallel = 1;
				LastSwiftUpdateCheck = 1330;
				LastUpgradeCheck = 1330;
				TargetAttributes = {
					9AF072C327F3E46200F1AAF0 = {
						CreatedOnToolsVersion = 13.3;
					};
				};
			};
			buildConfigurationList = 9AF072BF27F3E46200F1AAF0 /* Build configuration list for PBXProject "BridgeBuilder" */;
			compatibilityVersion = "Xcode 13.0";
			developmentRegion = en;
			hasScannedForEncodings = 0;
			knownRegions = (
				en,
				Base,
			);
			mainGroup = 9AF072BB27F3E46200F1AAF0;
			packageReferences = (
				9AF0731227F3E63A00F1AAF0 /* XCRemoteSwiftPackageReference "PythonKit" */,
			);
			productRefGroup = 9AF072C527F3E46200F1AAF0 /* Products */;
			projectDirPath = "";
			projectRoot = "";
			targets = (
				9AF072C327F3E46200F1AAF0 /* BridgeBuilder */,
			);
		};
/* End PBXProject section */

/* Begin PBXResourcesBuildPhase section */
		9AF072C227F3E46200F1AAF0 /* Resources */ = {
			isa = PBXResourcesBuildPhase;
			buildActionMask = 2147483647;
			files = (
				9AF072CF27F3E46300F1AAF0 /* Preview Assets.xcassets in Resources */,
				9AF0734C27F3E79200F1AAF0 /* Documentation.md in Resources */,
				9AF0732E27F3E68300F1AAF0 /* NusaPlus.py in Resources */,
				9AF072CC27F3E46300F1AAF0 /* Assets.xcassets in Resources */,
			);
			runOnlyForDeploymentPostprocessing = 0;
		};
/* End PBXResourcesBuildPhase section */

/* Begin PBXSourcesBuildPhase section */
		9AF072C027F3E46200F1AAF0 /* Sources */ = {
			isa = PBXSourcesBuildPhase;
			buildActionMask = 2147483647;
			files = (
				9AF0733E27F3E68300F1AAF0 /* Gene.swift in Sources */,
				9AF0733627F3E68300F1AAF0 /* Graph.swift in Sources */,
				9AF0733A27F3E68300F1AAF0 /* MaxLoadBridge.swift in Sources */,
				9AF0733F27F3E68300F1AAF0 /* Gene+Crossover.swift in Sources */,
				9AF0733527F3E68300F1AAF0 /* Edge.swift in Sources */,
				9AF0733827F3E68300F1AAF0 /* Bridge.swift in Sources */,
				9AF0733227F3E68300F1AAF0 /* VectorMath.swift in Sources */,
				9AF0732D27F3E68300F1AAF0 /* EvolutionChamber.swift in Sources */,
				9AF0731127F3E61900F1AAF0 /* AppDelegate.swift in Sources */,
				9AF0733D27F3E68300F1AAF0 /* Evolvable.swift in Sources */,
				9AF0732F27F3E68300F1AAF0 /* Random.swift in Sources */,
				9AF072CA27F3E46200F1AAF0 /* ContentView.swift in Sources */,
				9AF0733727F3E68300F1AAF0 /* Vertex.swift in Sources */,
				9AF0734027F3E68300F1AAF0 /* Gene+Mutation.swift in Sources */,
				9AF0733027F3E68300F1AAF0 /* TestGene.swift in Sources */,
				9AF0733127F3E68300F1AAF0 /* Array+Deviation.swift in Sources */,
				9AF072C827F3E46200F1AAF0 /* BridgeBuilderApp.swift in Sources */,
				9AF0733927F3E68300F1AAF0 /* MinStressBridge.swift in Sources */,
				9AF0733327F3E68300F1AAF0 /* CGFloat+Python.swift in Sources */,
				9AF0733B27F3E68300F1AAF0 /* MinMaterialBridge.swift in Sources */,
				9AF0733C27F3E68300F1AAF0 /* Simulation.swift in Sources */,
				9AF0733427F3E68300F1AAF0 /* PolarPoint.swift in Sources */,
			);
			runOnlyForDeploymentPostprocessing = 0;
		};
/* End PBXSourcesBuildPhase section */

/* Begin XCBuildConfiguration section */
		9AF072D127F3E46300F1AAF0 /* Debug */ = {
			isa = XCBuildConfiguration;
			buildSettings = {
				ALWAYS_SEARCH_USER_PATHS = NO;
				CLANG_ANALYZER_NONNULL = YES;
				CLANG_ANALYZER_NUMBER_OBJECT_CONVERSION = YES_AGGRESSIVE;
				CLANG_CXX_LANGUAGE_STANDARD = "gnu++17";
				CLANG_ENABLE_MODULES = YES;
				CLANG_ENABLE_OBJC_ARC = YES;
				CLANG_ENABLE_OBJC_WEAK = YES;
				CLANG_WARN_BLOCK_CAPTURE_AUTORELEASING = YES;
				CLANG_WARN_BOOL_CONVERSION = YES;
				CLANG_WARN_COMMA = YES;
				CLANG_WARN_CONSTANT_CONVERSION = YES;
				CLANG_WARN_DEPRECATED_OBJC_IMPLEMENTATIONS = YES;
				CLANG_WARN_DIRECT_OBJC_ISA_USAGE = YES_ERROR;
				CLANG_WARN_DOCUMENTATION_COMMENTS = YES;
				CLANG_WARN_EMPTY_BODY = YES;
				CLANG_WARN_ENUM_CONVERSION = YES;
				CLANG_WARN_INFINITE_RECURSION = YES;
				CLANG_WARN_INT_CONVERSION = YES;
				CLANG_WARN_NON_LITERAL_NULL_CONVERSION = YES;
				CLANG_WARN_OBJC_IMPLICIT_RETAIN_SELF = YES;
				CLANG_WARN_OBJC_LITERAL_CONVERSION = YES;
				CLANG_WARN_OBJC_ROOT_CLASS = YES_ERROR;
				CLANG_WARN_QUOTED_INCLUDE_IN_FRAMEWORK_HEADER = YES;
				CLANG_WARN_RANGE_LOOP_ANALYSIS = YES;
				CLANG_WARN_STRICT_PROTOTYPES = YES;
				CLANG_WARN_SUSPICIOUS_MOVE = YES;
				CLANG_WARN_UNGUARDED_AVAILABILITY = YES_AGGRESSIVE;
				CLANG_WARN_UNREACHABLE_CODE = YES;
				CLANG_WARN__DUPLICATE_METHOD_MATCH = YES;
				COPY_PHASE_STRIP = NO;
				DEBUG_INFORMATION_FORMAT = dwarf;
				ENABLE_STRICT_OBJC_MSGSEND = YES;
				ENABLE_TESTABILITY = YES;
				GCC_C_LANGUAGE_STANDARD = gnu11;
				GCC_DYNAMIC_NO_PIC = NO;
				GCC_NO_COMMON_BLOCKS = YES;
				GCC_OPTIMIZATION_LEVEL = 0;
				GCC_PREPROCESSOR_DEFINITIONS = (
					"DEBUG=1",
					"$(inherited)",
				);
				GCC_WARN_64_TO_32_BIT_CONVERSION = YES;
				GCC_WARN_ABOUT_RETURN_TYPE = YES_ERROR;
				GCC_WARN_UNDECLARED_SELECTOR = YES;
				GCC_WARN_UNINITIALIZED_AUTOS = YES_AGGRESSIVE;
				GCC_WARN_UNUSED_FUNCTION = YES;
				GCC_WARN_UNUSED_VARIABLE = YES;
				MACOSX_DEPLOYMENT_TARGET = 12.3;
				MTL_ENABLE_DEBUG_INFO = INCLUDE_SOURCE;
				MTL_FAST_MATH = YES;
				ONLY_ACTIVE_ARCH = YES;
				SDKROOT = macosx;
				SWIFT_ACTIVE_COMPILATION_CONDITIONS = DEBUG;
				SWIFT_OPTIMIZATION_LEVEL = "-Onone";
			};
			name = Debug;
		};
		9AF072D227F3E46300F1AAF0 /* Release */ = {
			isa = XCBuildConfiguration;
			buildSettings = {
				ALWAYS_SEARCH_USER_PATHS = NO;
				CLANG_ANALYZER_NONNULL = YES;
				CLANG_ANALYZER_NUMBER_OBJECT_CONVERSION = YES_AGGRESSIVE;
				CLANG_CXX_LANGUAGE_STANDARD = "gnu++17";
				CLANG_ENABLE_MODULES = YES;
				CLANG_ENABLE_OBJC_ARC = YES;
				CLANG_ENABLE_OBJC_WEAK = YES;
				CLANG_WARN_BLOCK_CAPTURE_AUTORELEASING = YES;
				CLANG_WARN_BOOL_CONVERSION = YES;
				CLANG_WARN_COMMA = YES;
				CLANG_WARN_CONSTANT_CONVERSION = YES;
				CLANG_WARN_DEPRECATED_OBJC_IMPLEMENTATIONS = YES;
				CLANG_WARN_DIRECT_OBJC_ISA_USAGE = YES_ERROR;
				CLANG_WARN_DOCUMENTATION_COMMENTS = YES;
				CLANG_WARN_EMPTY_BODY = YES;
				CLANG_WARN_ENUM_CONVERSION = YES;
				CLANG_WARN_INFINITE_RECURSION = YES;
				CLANG_WARN_INT_CONVERSION = YES;
				CLANG_WARN_NON_LITERAL_NULL_CONVERSION = YES;
				CLANG_WARN_OBJC_IMPLICIT_RETAIN_SELF = YES;
				CLANG_WARN_OBJC_LITERAL_CONVERSION = YES;
				CLANG_WARN_OBJC_ROOT_CLASS = YES_ERROR;
				CLANG_WARN_QUOTED_INCLUDE_IN_FRAMEWORK_HEADER = YES;
				CLANG_WARN_RANGE_LOOP_ANALYSIS = YES;
				CLANG_WARN_STRICT_PROTOTYPES = YES;
				CLANG_WARN_SUSPICIOUS_MOVE = YES;
				CLANG_WARN_UNGUARDED_AVAILABILITY = YES_AGGRESSIVE;
				CLANG_WARN_UNREACHABLE_CODE = YES;
				CLANG_WARN__DUPLICATE_METHOD_MATCH = YES;
				COPY_PHASE_STRIP = NO;
				DEBUG_INFORMATION_FORMAT = "dwarf-with-dsym";
				ENABLE_NS_ASSERTIONS = NO;
				ENABLE_STRICT_OBJC_MSGSEND = YES;
				GCC_C_LANGUAGE_STANDARD = gnu11;
				GCC_NO_COMMON_BLOCKS = YES;
				GCC_WARN_64_TO_32_BIT_CONVERSION = YES;
				GCC_WARN_ABOUT_RETURN_TYPE = YES_ERROR;
				GCC_WARN_UNDECLARED_SELECTOR = YES;
				GCC_WARN_UNINITIALIZED_AUTOS = YES_AGGRESSIVE;
				GCC_WARN_UNUSED_FUNCTION = YES;
				GCC_WARN_UNUSED_VARIABLE = YES;
				MACOSX_DEPLOYMENT_TARGET = 12.3;
				MTL_ENABLE_DEBUG_INFO = NO;
				MTL_FAST_MATH = YES;
				SDKROOT = macosx;
				SWIFT_COMPILATION_MODE = wholemodule;
				SWIFT_OPTIMIZATION_LEVEL = "-O";
			};
			name = Release;
		};
		9AF072D427F3E46300F1AAF0 /* Debug */ = {
			isa = XCBuildConfiguration;
			buildSettings = {
				ASSETCATALOG_COMPILER_APPICON_NAME = AppIcon;
				ASSETCATALOG_COMPILER_GLOBAL_ACCENT_COLOR_NAME = AccentColor;
				CODE_SIGN_ENTITLEMENTS = BridgeBuilder/BridgeBuilder.entitlements;
				CODE_SIGN_STYLE = Automatic;
				COMBINE_HIDPI_IMAGES = YES;
				CURRENT_PROJECT_VERSION = 1;
				DEVELOPMENT_ASSET_PATHS = "\"BridgeBuilder/Preview Content\"";
				DEVELOPMENT_TEAM = AD2MZY3MHY;
				ENABLE_HARDENED_RUNTIME = NO;
				ENABLE_PREVIEWS = YES;
				GENERATE_INFOPLIST_FILE = YES;
				INFOPLIST_KEY_NSHumanReadableCopyright = "";
				LD_RUNPATH_SEARCH_PATHS = (
					"$(inherited)",
					"@executable_path/../Frameworks",
				);
				MARKETING_VERSION = 1.0;
				PRODUCT_BUNDLE_IDENTIFIER = com.hlispector.BridgeBuilder;
				PRODUCT_NAME = "$(TARGET_NAME)";
				SWIFT_EMIT_LOC_STRINGS = YES;
				SWIFT_VERSION = 5.0;
			};
			name = Debug;
		};
		9AF072D527F3E46300F1AAF0 /* Release */ = {
			isa = XCBuildConfiguration;
			buildSettings = {
				ASSETCATALOG_COMPILER_APPICON_NAME = AppIcon;
				ASSETCATALOG_COMPILER_GLOBAL_ACCENT_COLOR_NAME = AccentColor;
				CODE_SIGN_ENTITLEMENTS = BridgeBuilder/BridgeBuilder.entitlements;
				CODE_SIGN_STYLE = Automatic;
				COMBINE_HIDPI_IMAGES = YES;
				CURRENT_PROJECT_VERSION = 1;
				DEVELOPMENT_ASSET_PATHS = "\"BridgeBuilder/Preview Content\"";
				DEVELOPMENT_TEAM = AD2MZY3MHY;
				ENABLE_HARDENED_RUNTIME = NO;
				ENABLE_PREVIEWS = YES;
				GENERATE_INFOPLIST_FILE = YES;
				INFOPLIST_KEY_NSHumanReadableCopyright = "";
				LD_RUNPATH_SEARCH_PATHS = (
					"$(inherited)",
					"@executable_path/../Frameworks",
				);
				MARKETING_VERSION = 1.0;
				PRODUCT_BUNDLE_IDENTIFIER = com.hlispector.BridgeBuilder;
				PRODUCT_NAME = "$(TARGET_NAME)";
				SWIFT_EMIT_LOC_STRINGS = YES;
				SWIFT_VERSION = 5.0;
			};
			name = Release;
		};
/* End XCBuildConfiguration section */

/* Begin XCConfigurationList section */
		9AF072BF27F3E46200F1AAF0 /* Build configuration list for PBXProject "BridgeBuilder" */ = {
			isa = XCConfigurationList;
			buildConfigurations = (
				9AF072D127F3E46300F1AAF0 /* Debug */,
				9AF072D227F3E46300F1AAF0 /* Release */,
			);
			defaultConfigurationIsVisible = 0;
			defaultConfigurationName = Release;
		};
		9AF072D327F3E46300F1AAF0 /* Build configuration list for PBXNativeTarget "BridgeBuilder" */ = {
			isa = XCConfigurationList;
			buildConfigurations = (
				9AF072D427F3E46300F1AAF0 /* Debug */,
				9AF072D527F3E46300F1AAF0 /* Release */,
			);
			defaultConfigurationIsVisible = 0;
			defaultConfigurationName = Release;
		};
/* End XCConfigurationList section */

/* Begin XCRemoteSwiftPackageReference section */
		9AF0731227F3E63A00F1AAF0 /* XCRemoteSwiftPackageReference "PythonKit" */ = {
			isa = XCRemoteSwiftPackageReference;
			repositoryURL = "https://github.com/pvieito/PythonKit.git";
			requirement = {
				branch = master;
				kind = branch;
			};
		};
/* End XCRemoteSwiftPackageReference section */

/* Begin XCSwiftPackageProductDependency section */
		9AF0731327F3E63A00F1AAF0 /* PythonKit */ = {
			isa = XCSwiftPackageProductDependency;
			package = 9AF0731227F3E63A00F1AAF0 /* XCRemoteSwiftPackageReference "PythonKit" */;
			productName = PythonKit;
		};
/* End XCSwiftPackageProductDependency section */
	};
	rootObject = 9AF072BC27F3E46200F1AAF0 /* Project object */;
}
